
Microsoft Visual Studio Solution File, Format Version 12.00
# Visual Studio Version 16
VisualStudioVersion = 16.0.31129.286
MinimumVisualStudioVersion = 10.0.40219.1
Project("{FAE04EC0-301F-11D3-BF4B-00C04F79EFBC}") = "WindowsFormsApp", "WindowsFormsApp\WindowsFormsApp.csproj", "{7376F831-782F-43F2-B3BB-015604C8E368}"
EndProject
Global
	GlobalSection(SolutionConfigurationPlatforms) = preSolution
		Debug|Any CPU = Debug|Any CPU
		Release|Any CPU = Release|Any CPU
	EndGlobalSection
	GlobalSection(ProjectConfigurationPlatforms) = postSolution
		{7376F831-782F-43F2-B3BB-015604C8E368}.Debug|Any CPU.ActiveCfg = Debug|Any CPU
		{7376F831-782F-43F2-B3BB-015604C8E368}.Debug|Any CPU.Build.0 = Debug|Any CPU
		{7376F831-782F-43F2-B3BB-015604C8E368}.Release|Any CPU.ActiveCfg = Release|Any CPU
		{7376F831-782F-43F2-B3BB-015604C8E368}.Release|Any CPU.Build.0 = Release|Any CPU
	EndGlobalSection
	GlobalSection(SolutionProperties) = preSolution
		HideSolutionNode = FALSE
	EndGlobalSection
	GlobalSection(ExtensibilityGlobals) = postSolution
		SolutionGuid = {24A1E917-FC5D-4061-94C4-E1152D0FF761}
	EndGlobalSection
EndGlobal
